
Microsoft Visual Studio Solution File, Format Version 12.00
# Visual Studio 15
VisualStudioVersion = 15.0.26430.14
MinimumVisualStudioVersion = 10.0.40219.1
Project("{9A19103F-16F7-4668-BE54-9A1E7A4F7556}") = "ExcelNumberFormat", "src\ExcelNumberFormat\ExcelNumberFormat.csproj", "{0A6915CD-52FB-4410-80B3-0CAB867146FE}"
EndProject
Project("{9A19103F-16F7-4668-BE54-9A1E7A4F7556}") = "ExcelNumberFormat.Tests", "test\ExcelNumberFormat.Tests\ExcelNumberFormat.Tests.csproj", "{D7F7A13B-C3FE-44FB-BF07-F5CBC9EC3B78}"
EndProject
Project("{FAE04EC0-301F-11D3-BF4B-00C04F79EFBC}") = "Example", "src\Example\Example.csproj", "{220224FB-FFBE-43F9-A70B-3411E583AE00}"
EndProject
Global
	GlobalSection(SolutionConfigurationPlatforms) = preSolution
		Debug|Any CPU = Debug|Any CPU
		Release|Any CPU = Release|Any CPU
	EndGlobalSection
	GlobalSection(ProjectConfigurationPlatforms) = postSolution
		{0A6915CD-52FB-4410-80B3-0CAB867146FE}.Debug|Any CPU.ActiveCfg = Debug|Any CPU
		{0A6915CD-52FB-4410-80B3-0CAB867146FE}.Debug|Any CPU.Build.0 = Debug|Any CPU
		{0A6915CD-52FB-4410-80B3-0CAB867146FE}.Release|Any CPU.ActiveCfg = Release|Any CPU
		{0A6915CD-52FB-4410-80B3-0CAB867146FE}.Release|Any CPU.Build.0 = Release|Any CPU
		{D7F7A13B-C3FE-44FB-BF07-F5CBC9EC3B78}.Debug|Any CPU.ActiveCfg = Debug|Any CPU
		{D7F7A13B-C3FE-44FB-BF07-F5CBC9EC3B78}.Debug|Any CPU.Build.0 = Debug|Any CPU
		{D7F7A13B-C3FE-44FB-BF07-F5CBC9EC3B78}.Release|Any CPU.ActiveCfg = Release|Any CPU
		{D7F7A13B-C3FE-44FB-BF07-F5CBC9EC3B78}.Release|Any CPU.Build.0 = Release|Any CPU
		{220224FB-FFBE-43F9-A70B-3411E583AE00}.Debug|Any CPU.ActiveCfg = Debug|Any CPU
		{220224FB-FFBE-43F9-A70B-3411E583AE00}.Debug|Any CPU.Build.0 = Debug|Any CPU
		{220224FB-FFBE-43F9-A70B-3411E583AE00}.Release|Any CPU.ActiveCfg = Release|Any CPU
		{220224FB-FFBE-43F9-A70B-3411E583AE00}.Release|Any CPU.Build.0 = Release|Any CPU
	EndGlobalSection
	GlobalSection(SolutionProperties) = preSolution
		HideSolutionNode = FALSE
	EndGlobalSection
EndGlobal
